schema: '2.0'
stages:
  process-data:
    cmd: matlab -batch "run('scripts/collect_data.m');"
    deps:
    - path: scripts/collect_data.m
      hash: md5
      md5: 2da834907ab6124dd599bff06d6a3b66
      size: 123
    outs:
    - path: data/raw/data.parquet
      hash: md5
      md5: 0b2be6aa89192942ea0e1263f9f7e55c
      size: 384
  plot-data:
    cmd: matlab -batch "run('scripts/plot_data.m');"
    deps:
    - path: data/raw/data.parquet
      hash: md5
      md5: 69f8e2d950d29dc34ce8b1ce944c637c
      size: 9853
    - path: scripts/plot_data.m
      hash: md5
      md5: ba7e2fcc376bc1f4b17fca546082cf7b
      size: 148
    outs:
    - path: figures/plot.png
      hash: md5
      md5: 5eb557590809f95054078fd7897ed596
      size: 68396
  collect-data:
    cmd: matlab -batch "run('scripts/collect_data.m');"
    deps:
    - path: scripts/collect_data.m
      hash: md5
      md5: 698569e0ca9128c52f0dec553a9badd1
      size: 210
    - path: src/myfunction.m
      hash: md5
      md5: 84a5dc7525d6297428329a1a79c8ac87
      size: 53
    outs:
    - path: data/raw/data.parquet
      hash: md5
      md5: 69f8e2d950d29dc34ce8b1ce944c637c
      size: 9853
  _check_env_matlab:
    cmd: calkit check matlab-env --name matlab --output .calkit/env-locks/matlab.json
    outs:
    - path: .calkit/env-locks/matlab.json
      hash: md5
      md5: 71c8f7b71fac0c8a028a0b11a25cb685
      size: 806
  _check-env-matlab:
    cmd: calkit check matlab-env --name matlab --output .calkit/env-locks/matlab.json
    outs:
    - path: .calkit/env-locks/matlab.json
      hash: md5
      md5: 074a6771582255a621b5fda8cb2cc2d3
      size: 5082
